
Microsoft Visual Studio Solution File, Format Version 12.00
# Visual Studio 15
VisualStudioVersion = 15.0.28307.106
MinimumVisualStudioVersion = 10.0.40219.1
Project("{FAE04EC0-301F-11D3-BF4B-00C04F79EFBC}") = "Verdet", "Verdet\Verdet.csproj", "{9CD54590-BA6A-4EDF-92B1-DEE7BD205E06}"
EndProject
Global
	GlobalSection(SolutionConfigurationPlatforms) = preSolution
		Debug|Any CPU = Debug|Any CPU
		Release|Any CPU = Release|Any CPU
	EndGlobalSection
	GlobalSection(ProjectConfigurationPlatforms) = postSolution
		{9CD54590-BA6A-4EDF-92B1-DEE7BD205E06}.Debug|Any CPU.ActiveCfg = Debug|Any CPU
		{9CD54590-BA6A-4EDF-92B1-DEE7BD205E06}.Debug|Any CPU.Build.0 = Debug|Any CPU
		{9CD54590-BA6A-4EDF-92B1-DEE7BD205E06}.Release|Any CPU.ActiveCfg = Release|Any CPU
		{9CD54590-BA6A-4EDF-92B1-DEE7BD205E06}.Release|Any CPU.Build.0 = Release|Any CPU
	EndGlobalSection
	GlobalSection(SolutionProperties) = preSolution
		HideSolutionNode = FALSE
	EndGlobalSection
	GlobalSection(ExtensibilityGlobals) = postSolution
		SolutionGuid = {6BF47DEC-5F5C-44E7-BDB7-277C8BD4B35A}
	EndGlobalSection
EndGlobal
